
Microsoft Visual Studio Solution File, Format Version 12.00
# Visual Studio Version 17
VisualStudioVersion = 17.0.31717.71
MinimumVisualStudioVersion = 10.0.40219.1
Project("{FAE04EC0-301F-11D3-BF4B-00C04F79EFBC}") = "Miracle.WebApi.Filters", "Miracle.WebApi.Filters\Miracle.WebApi.Filters.csproj", "{9A055A8A-E4D9-49A1-80D4-2DAEF2A6BF7D}"
EndProject
Project("{FAE04EC0-301F-11D3-BF4B-00C04F79EFBC}") = "Miracle.WebApi.Middlewares", "Miracle.WebApi.Middlewares\Miracle.WebApi.Middlewares.csproj", "{088C647B-B272-495B-AE29-63BE8CA63960}"
EndProject
Project("{FAE04EC0-301F-11D3-BF4B-00C04F79EFBC}") = "Miracle.WebApi.JsonConverters", "Miracle.WebApi.JsonConverters\Miracle.WebApi.JsonConverters.csproj", "{2FE7FAB2-47B6-4FEC-B2D7-A885F01C6179}"
EndProject
Project("{FAE04EC0-301F-11D3-BF4B-00C04F79EFBC}") = "example.api", "example.api\example.api.csproj", "{B235AD7E-EB10-4A8B-A7CA-B369B4B24766}"
EndProject
Global
	GlobalSection(SolutionConfigurationPlatforms) = preSolution
		Debug|Any CPU = Debug|Any CPU
		Release|Any CPU = Release|Any CPU
	EndGlobalSection
	GlobalSection(ProjectConfigurationPlatforms) = postSolution
		{9A055A8A-E4D9-49A1-80D4-2DAEF2A6BF7D}.Debug|Any CPU.ActiveCfg = Debug|Any CPU
		{9A055A8A-E4D9-49A1-80D4-2DAEF2A6BF7D}.Debug|Any CPU.Build.0 = Debug|Any CPU
		{9A055A8A-E4D9-49A1-80D4-2DAEF2A6BF7D}.Release|Any CPU.ActiveCfg = Release|Any CPU
		{9A055A8A-E4D9-49A1-80D4-2DAEF2A6BF7D}.Release|Any CPU.Build.0 = Release|Any CPU
		{088C647B-B272-495B-AE29-63BE8CA63960}.Debug|Any CPU.ActiveCfg = Debug|Any CPU
		{088C647B-B272-495B-AE29-63BE8CA63960}.Debug|Any CPU.Build.0 = Debug|Any CPU
		{088C647B-B272-495B-AE29-63BE8CA63960}.Release|Any CPU.ActiveCfg = Release|Any CPU
		{088C647B-B272-495B-AE29-63BE8CA63960}.Release|Any CPU.Build.0 = Release|Any CPU
		{2FE7FAB2-47B6-4FEC-B2D7-A885F01C6179}.Debug|Any CPU.ActiveCfg = Debug|Any CPU
		{2FE7FAB2-47B6-4FEC-B2D7-A885F01C6179}.Debug|Any CPU.Build.0 = Debug|Any CPU
		{2FE7FAB2-47B6-4FEC-B2D7-A885F01C6179}.Release|Any CPU.ActiveCfg = Release|Any CPU
		{2FE7FAB2-47B6-4FEC-B2D7-A885F01C6179}.Release|Any CPU.Build.0 = Release|Any CPU
		{B235AD7E-EB10-4A8B-A7CA-B369B4B24766}.Debug|Any CPU.ActiveCfg = Debug|Any CPU
		{B235AD7E-EB10-4A8B-A7CA-B369B4B24766}.Debug|Any CPU.Build.0 = Debug|Any CPU
		{B235AD7E-EB10-4A8B-A7CA-B369B4B24766}.Release|Any CPU.ActiveCfg = Release|Any CPU
		{B235AD7E-EB10-4A8B-A7CA-B369B4B24766}.Release|Any CPU.Build.0 = Release|Any CPU
	EndGlobalSection
	GlobalSection(SolutionProperties) = preSolution
		HideSolutionNode = FALSE
	EndGlobalSection
	GlobalSection(ExtensibilityGlobals) = postSolution
		SolutionGuid = {ED8DFD7D-09A6-4FDF-9011-C60131A5D846}
	EndGlobalSection
EndGlobal
